
Microsoft Visual Studio Solution File, Format Version 12.00
# Visual Studio 2012
Project("{FAE04EC0-301F-11D3-BF4B-00C04F79EFBC}") = "Me", "Me\Me.csproj", "{7F17CADA-604E-4FDC-836F-218721B6ADCB}"
EndProject
Project("{FAE04EC0-301F-11D3-BF4B-00C04F79EFBC}") = "Lab1", "Lab1\Lab1.csproj", "{8FE69EC6-5A2C-458C-8FC4-58CBD6F81D90}"
EndProject
Project("{FAE04EC0-301F-11D3-BF4B-00C04F79EFBC}") = "Lab2", "Lab2\Lab2.csproj", "{71413E35-9F7B-4594-8C17-208172E0081B}"
EndProject
Project("{FAE04EC0-301F-11D3-BF4B-00C04F79EFBC}") = "Lab3", "Lab3\Lab3.csproj", "{88B96D45-3FEA-4D64-9A50-293126C39A73}"
EndProject
Project("{FAE04EC0-301F-11D3-BF4B-00C04F79EFBC}") = "Lab4", "Lab4\Lab4.csproj", "{E76274E5-1B3B-482D-B103-92E34F4816FD}"
EndProject
Project("{FAE04EC0-301F-11D3-BF4B-00C04F79EFBC}") = "Lab5", "Lab5\Lab5.csproj", "{44AA22F2-8CEF-4175-9F0C-2290A253F2D5}"
EndProject
Project("{FAE04EC0-301F-11D3-BF4B-00C04F79EFBC}") = "Lab8", "Lab8\Lab8.csproj", "{7A4CD5CC-438B-44F5-A884-D4C50AEA4F8C}"
EndProject
Project("{FAE04EC0-301F-11D3-BF4B-00C04F79EFBC}") = "Lab6", "Lab6\Lab6.csproj", "{D2F7E797-FD40-4880-9C4E-2829B7C69343}"
EndProject
Project("{FAE04EC0-301F-11D3-BF4B-00C04F79EFBC}") = "Lab7", "Lab7\Lab7.csproj", "{6732827E-27A5-4E7E-99A2-DC54FCE1A6E0}"
EndProject
Global
	GlobalSection(SolutionConfigurationPlatforms) = preSolution
		Debug|x86 = Debug|x86
		Release|x86 = Release|x86
	EndGlobalSection
	GlobalSection(ProjectConfigurationPlatforms) = postSolution
		{44AA22F2-8CEF-4175-9F0C-2290A253F2D5}.Debug|x86.ActiveCfg = Debug|x86
		{44AA22F2-8CEF-4175-9F0C-2290A253F2D5}.Debug|x86.Build.0 = Debug|x86
		{44AA22F2-8CEF-4175-9F0C-2290A253F2D5}.Release|x86.ActiveCfg = Release|x86
		{44AA22F2-8CEF-4175-9F0C-2290A253F2D5}.Release|x86.Build.0 = Release|x86
		{6732827E-27A5-4E7E-99A2-DC54FCE1A6E0}.Debug|x86.ActiveCfg = Debug|x86
		{6732827E-27A5-4E7E-99A2-DC54FCE1A6E0}.Debug|x86.Build.0 = Debug|x86
		{6732827E-27A5-4E7E-99A2-DC54FCE1A6E0}.Release|x86.ActiveCfg = Release|x86
		{6732827E-27A5-4E7E-99A2-DC54FCE1A6E0}.Release|x86.Build.0 = Release|x86
		{71413E35-9F7B-4594-8C17-208172E0081B}.Debug|x86.ActiveCfg = Debug|x86
		{71413E35-9F7B-4594-8C17-208172E0081B}.Debug|x86.Build.0 = Debug|x86
		{71413E35-9F7B-4594-8C17-208172E0081B}.Release|x86.ActiveCfg = Release|x86
		{71413E35-9F7B-4594-8C17-208172E0081B}.Release|x86.Build.0 = Release|x86
		{7A4CD5CC-438B-44F5-A884-D4C50AEA4F8C}.Debug|x86.ActiveCfg = Debug|x86
		{7A4CD5CC-438B-44F5-A884-D4C50AEA4F8C}.Debug|x86.Build.0 = Debug|x86
		{7A4CD5CC-438B-44F5-A884-D4C50AEA4F8C}.Release|x86.ActiveCfg = Release|x86
		{7A4CD5CC-438B-44F5-A884-D4C50AEA4F8C}.Release|x86.Build.0 = Release|x86
		{7F17CADA-604E-4FDC-836F-218721B6ADCB}.Debug|x86.ActiveCfg = Debug|x86
		{7F17CADA-604E-4FDC-836F-218721B6ADCB}.Debug|x86.Build.0 = Debug|x86
		{7F17CADA-604E-4FDC-836F-218721B6ADCB}.Release|x86.ActiveCfg = Release|x86
		{7F17CADA-604E-4FDC-836F-218721B6ADCB}.Release|x86.Build.0 = Release|x86
		{88B96D45-3FEA-4D64-9A50-293126C39A73}.Debug|x86.ActiveCfg = Debug|x86
		{88B96D45-3FEA-4D64-9A50-293126C39A73}.Debug|x86.Build.0 = Debug|x86
		{88B96D45-3FEA-4D64-9A50-293126C39A73}.Release|x86.ActiveCfg = Release|x86
		{88B96D45-3FEA-4D64-9A50-293126C39A73}.Release|x86.Build.0 = Release|x86
		{8FE69EC6-5A2C-458C-8FC4-58CBD6F81D90}.Debug|x86.ActiveCfg = Debug|x86
		{8FE69EC6-5A2C-458C-8FC4-58CBD6F81D90}.Debug|x86.Build.0 = Debug|x86
		{8FE69EC6-5A2C-458C-8FC4-58CBD6F81D90}.Release|x86.ActiveCfg = Release|x86
		{8FE69EC6-5A2C-458C-8FC4-58CBD6F81D90}.Release|x86.Build.0 = Release|x86
		{D2F7E797-FD40-4880-9C4E-2829B7C69343}.Debug|x86.ActiveCfg = Debug|x86
		{D2F7E797-FD40-4880-9C4E-2829B7C69343}.Debug|x86.Build.0 = Debug|x86
		{D2F7E797-FD40-4880-9C4E-2829B7C69343}.Release|x86.ActiveCfg = Release|x86
		{D2F7E797-FD40-4880-9C4E-2829B7C69343}.Release|x86.Build.0 = Release|x86
		{E76274E5-1B3B-482D-B103-92E34F4816FD}.Debug|x86.ActiveCfg = Debug|x86
		{E76274E5-1B3B-482D-B103-92E34F4816FD}.Debug|x86.Build.0 = Debug|x86
		{E76274E5-1B3B-482D-B103-92E34F4816FD}.Release|x86.ActiveCfg = Release|x86
		{E76274E5-1B3B-482D-B103-92E34F4816FD}.Release|x86.Build.0 = Release|x86
	EndGlobalSection
EndGlobal
